// !$*UTF8*$!
{
	archiveVersion = 1;
	classes = {
	};
	objectVersion = 46;
	objects = {

/* Begin PBXBuildFile section */
		6D1FAC6414D335520040C631 /* palette.png in Resources */ = {isa = PBXBuildFile; fileRef = 6D1FAC6314D335520040C631 /* palette.png */; };
		6D2526AE14CDD8690094A022 /* background.png in Resources */ = {isa = PBXBuildFile; fileRef = 6D2526AC14CDD8690094A022 /* background.png */; };
		6D2526AF14CDD8690094A022 /* ground.png in Resources */ = {isa = PBXBuildFile; fileRef = 6D2526AD14CDD8690094A022 /* ground.png */; };
		6D79D04114D3A935005A6126 /* GameObject.m in Sources */ = {isa = PBXBuildFile; fileRef = 6D79D04014D3A935005A6126 /* GameObject.m */; };
		6D79D05514D3CDB2005A6126 /* GameWolf.m in Sources */ = {isa = PBXBuildFile; fileRef = 6D79D05414D3CDB2005A6126 /* GameWolf.m */; };
		6D79D0AD14D7E1BC005A6126 /* GamePig.m in Sources */ = {isa = PBXBuildFile; fileRef = 6D79D0AC14D7E1BC005A6126 /* GamePig.m */; };
		6D79D0B114D7EF17005A6126 /* GameBlock.m in Sources */ = {isa = PBXBuildFile; fileRef = 6D79D0B014D7EF14005A6126 /* GameBlock.m */; };
		6DA8FDFB14C5FA16009BD349 /* UIKit.framework in Frameworks */ = {isa = PBXBuildFile; fileRef = 6DA8FDFA14C5FA16009BD349 /* UIKit.framework */; };
		6DA8FDFD14C5FA16009BD349 /* Foundation.framework in Frameworks */ = {isa = PBXBuildFile; fileRef = 6DA8FDFC14C5FA16009BD349 /* Foundation.framework */; };
		6DA8FDFF14C5FA16009BD349 /* CoreGraphics.framework in Frameworks */ = {isa = PBXBuildFile; fileRef = 6DA8FDFE14C5FA16009BD349 /* CoreGraphics.framework */; };
		6DA8FE0514C5FA16009BD349 /* InfoPlist.strings in Resources */ = {isa = PBXBuildFile; fileRef = 6DA8FE0314C5FA16009BD349 /* InfoPlist.strings */; };
		6DA8FE0714C5FA16009BD349 /* main.m in Sources */ = {isa = PBXBuildFile; fileRef = 6DA8FE0614C5FA16009BD349 /* main.m */; };
		6DA8FE0B14C5FA16009BD349 /* AppDelegate.m in Sources */ = {isa = PBXBuildFile; fileRef = 6DA8FE0A14C5FA16009BD349 /* AppDelegate.m */; };
		6DA8FE0E14C5FA16009BD349 /* MainStoryboard_iPhone.storyboard in Resources */ = {isa = PBXBuildFile; fileRef = 6DA8FE0C14C5FA16009BD349 /* MainStoryboard_iPhone.storyboard */; };
		6DA8FE1114C5FA16009BD349 /* MainStoryboard_iPad.storyboard in Resources */ = {isa = PBXBuildFile; fileRef = 6DA8FE0F14C5FA16009BD349 /* MainStoryboard_iPad.storyboard */; };
		6DA8FE1414C5FA16009BD349 /* GameViewController.m in Sources */ = {isa = PBXBuildFile; fileRef = 6DA8FE1314C5FA16009BD349 /* GameViewController.m */; };
		6DA8FE1C14C5FA16009BD349 /* SenTestingKit.framework in Frameworks */ = {isa = PBXBuildFile; fileRef = 6DA8FE1B14C5FA16009BD349 /* SenTestingKit.framework */; };
		6DA8FE1D14C5FA16009BD349 /* UIKit.framework in Frameworks */ = {isa = PBXBuildFile; fileRef = 6DA8FDFA14C5FA16009BD349 /* UIKit.framework */; };
		6DA8FE1E14C5FA16009BD349 /* Foundation.framework in Frameworks */ = {isa = PBXBuildFile; fileRef = 6DA8FDFC14C5FA16009BD349 /* Foundation.framework */; };
		6DA8FE2614C5FA16009BD349 /* InfoPlist.strings in Resources */ = {isa = PBXBuildFile; fileRef = 6DA8FE2414C5FA16009BD349 /* InfoPlist.strings */; };
		6DA8FE2914C5FA17009BD349 /* GameTests.m in Sources */ = {isa = PBXBuildFile; fileRef = 6DA8FE2814C5FA17009BD349 /* GameTests.m */; };
		6DB0022D14ECB58C004F36EC /* GameArrow.m in Sources */ = {isa = PBXBuildFile; fileRef = 6DB0022C14ECB58B004F36EC /* GameArrow.m */; };
		6DB0023914ECB5DC004F36EC /* breath-bar.png in Resources */ = {isa = PBXBuildFile; fileRef = 6DB0022E14ECB5D8004F36EC /* breath-bar.png */; };
		6DB0023A14ECB5DC004F36EC /* direction-arrow-selected.png in Resources */ = {isa = PBXBuildFile; fileRef = 6DB0022F14ECB5D9004F36EC /* direction-arrow-selected.png */; };
		6DB0023B14ECB5DC004F36EC /* direction-arrow.png in Resources */ = {isa = PBXBuildFile; fileRef = 6DB0023014ECB5D9004F36EC /* direction-arrow.png */; };
		6DB0023C14ECB5DC004F36EC /* direction-degree.png in Resources */ = {isa = PBXBuildFile; fileRef = 6DB0023114ECB5D9004F36EC /* direction-degree.png */; };
		6DB0023D14ECB5DC004F36EC /* iron.png in Resources */ = {isa = PBXBuildFile; fileRef = 6DB0023214ECB5D9004F36EC /* iron.png */; };
		6DB0023E14ECB5DC004F36EC /* pig.png in Resources */ = {isa = PBXBuildFile; fileRef = 6DB0023314ECB5D9004F36EC /* pig.png */; };
		6DB0023F14ECB5DC004F36EC /* stone.png in Resources */ = {isa = PBXBuildFile; fileRef = 6DB0023414ECB5DA004F36EC /* stone.png */; };
		6DB0024014ECB5DC004F36EC /* straw.png in Resources */ = {isa = PBXBuildFile; fileRef = 6DB0023514ECB5DA004F36EC /* straw.png */; };
		6DB0024114ECB5DC004F36EC /* windblow.png in Resources */ = {isa = PBXBuildFile; fileRef = 6DB0023614ECB5DA004F36EC /* windblow.png */; };
		6DB0024214ECB5DC004F36EC /* wolfs.png in Resources */ = {isa = PBXBuildFile; fileRef = 6DB0023714ECB5DA004F36EC /* wolfs.png */; };
		6DB0024314ECB5DC004F36EC /* wood.png in Resources */ = {isa = PBXBuildFile; fileRef = 6DB0023814ECB5DB004F36EC /* wood.png */; };
		6DB0024E14ECF0AB004F36EC /* GameBar.m in Sources */ = {isa = PBXBuildFile; fileRef = 6DB0024D14ECF0AA004F36EC /* GameBar.m */; };
		6DD7F49E14F249DE001EE8EE /* wolfdie.png in Resources */ = {isa = PBXBuildFile; fileRef = 6DD7F49D14F249DE001EE8EE /* wolfdie.png */; };
		6DD7F4A114F27307001EE8EE /* GameBreathe.m in Sources */ = {isa = PBXBuildFile; fileRef = 6DD7F4A014F27306001EE8EE /* GameBreathe.m */; };
		6DDAADB414F12473004D3C3E /* PlayViewController.m in Sources */ = {isa = PBXBuildFile; fileRef = 6DDAADB214F12473004D3C3E /* PlayViewController.m */; };
		6DDAADB514F12473004D3C3E /* PlayView.xib in Resources */ = {isa = PBXBuildFile; fileRef = 6DDAADB314F12473004D3C3E /* PlayView.xib */; };
		6DDAADC214F13621004D3C3E /* Matrix2D.m in Sources */ = {isa = PBXBuildFile; fileRef = 6DDAADB814F13620004D3C3E /* Matrix2D.m */; };
		6DDAADC814F1362C004D3C3E /* Vector2D.m in Sources */ = {isa = PBXBuildFile; fileRef = 6DDAADC714F1362C004D3C3E /* Vector2D.m */; };
		6DDAADE214F23B8F004D3C3E /* GameFireButton.m in Sources */ = {isa = PBXBuildFile; fileRef = 6DDAADE114F23B8F004D3C3E /* GameFireButton.m */; };
		6DDAADF014F248A5004D3C3E /* PhysicsCircle.m in Sources */ = {isa = PBXBuildFile; fileRef = 6DDAADE914F248A4004D3C3E /* PhysicsCircle.m */; };
		6DDAADF114F248A5004D3C3E /* PhysicsRect.m in Sources */ = {isa = PBXBuildFile; fileRef = 6DDAADEB14F248A4004D3C3E /* PhysicsRect.m */; };
		6DDAADF214F248A5004D3C3E /* PhysicsShape.m in Sources */ = {isa = PBXBuildFile; fileRef = 6DDAADED14F248A4004D3C3E /* PhysicsShape.m */; };
		6DDAADF314F248A5004D3C3E /* PhysicsWorld.m in Sources */ = {isa = PBXBuildFile; fileRef = 6DDAADEF14F248A4004D3C3E /* PhysicsWorld.m */; };
		6DDAAE0414F2492E004D3C3E /* cloud1.png in Resources */ = {isa = PBXBuildFile; fileRef = 6DDAADF414F2492D004D3C3E /* cloud1.png */; };
		6DDAAE0514F2492E004D3C3E /* cloud2.png in Resources */ = {isa = PBXBuildFile; fileRef = 6DDAADF514F2492D004D3C3E /* cloud2.png */; };
		6DDAAE0614F2492E004D3C3E /* cloud3.png in Resources */ = {isa = PBXBuildFile; fileRef = 6DDAADF614F2492D004D3C3E /* cloud3.png */; };
		6DDAAE0714F2492E004D3C3E /* font.png in Resources */ = {isa = PBXBuildFile; fileRef = 6DDAADF714F2492D004D3C3E /* font.png */; };
		6DDAAE0814F2492E004D3C3E /* heart.png in Resources */ = {isa = PBXBuildFile; fileRef = 6DDAADF814F2492D004D3C3E /* heart.png */; };
		6DDAAE0914F2492E004D3C3E /* pig-die-smoke.png in Resources */ = {isa = PBXBuildFile; fileRef = 6DDAADF914F2492D004D3C3E /* pig-die-smoke.png */; };
		6DDAAE0A14F2492E004D3C3E /* pig2.png in Resources */ = {isa = PBXBuildFile; fileRef = 6DDAADFA14F2492D004D3C3E /* pig2.png */; };
		6DDAAE0B14F2492E004D3C3E /* score.png in Resources */ = {isa = PBXBuildFile; fileRef = 6DDAADFB14F2492D004D3C3E /* score.png */; };
		6DDAAE0C14F2492E004D3C3E /* wind-disperse.png in Resources */ = {isa = PBXBuildFile; fileRef = 6DDAADFC14F2492D004D3C3E /* wind-disperse.png */; };
		6DDAAE0D14F2492E004D3C3E /* wind-disperse1.png in Resources */ = {isa = PBXBuildFile; fileRef = 6DDAADFD14F2492D004D3C3E /* wind-disperse1.png */; };
		6DDAAE0E14F2492E004D3C3E /* wind-disperse2.png in Resources */ = {isa = PBXBuildFile; fileRef = 6DDAADFE14F2492D004D3C3E /* wind-disperse2.png */; };
		6DDAAE0F14F2492E004D3C3E /* wind-disperse3.png in Resources */ = {isa = PBXBuildFile; fileRef = 6DDAADFF14F2492E004D3C3E /* wind-disperse3.png */; };
		6DDAAE1014F2492E004D3C3E /* windblow1.png in Resources */ = {isa = PBXBuildFile; fileRef = 6DDAAE0014F2492E004D3C3E /* windblow1.png */; };
		6DDAAE1114F2492E004D3C3E /* windblow2.png in Resources */ = {isa = PBXBuildFile; fileRef = 6DDAAE0114F2492E004D3C3E /* windblow2.png */; };
		6DDAAE1214F2492E004D3C3E /* windblow3.png in Resources */ = {isa = PBXBuildFile; fileRef = 6DDAAE0214F2492E004D3C3E /* windblow3.png */; };
		6DDAAE1314F2492E004D3C3E /* windsuck.png in Resources */ = {isa = PBXBuildFile; fileRef = 6DDAAE0314F2492E004D3C3E /* windsuck.png */; };
		6DEB1ADA14F4A93400F5D700 /* text-ouch.png in Resources */ = {isa = PBXBuildFile; fileRef = 6DEB1AD914F4A93200F5D700 /* text-ouch.png */; };
		6DEB1ADD14F4AC0900F5D700 /* TextBalloon.m in Sources */ = {isa = PBXBuildFile; fileRef = 6DEB1ADC14F4AC0800F5D700 /* TextBalloon.m */; };
		6DEB1AE014F4C11200F5D700 /* text-ahhh.png in Resources */ = {isa = PBXBuildFile; fileRef = 6DEB1ADE14F4C10D00F5D700 /* text-ahhh.png */; };
		6DEB1AE114F4C11200F5D700 /* text-howl.png in Resources */ = {isa = PBXBuildFile; fileRef = 6DEB1ADF14F4C11000F5D700 /* text-howl.png */; };
		6DEB1AE514F4CB3900F5D700 /* breath-bar-big.png in Resources */ = {isa = PBXBuildFile; fileRef = 6DEB1AE214F4CB3600F5D700 /* breath-bar-big.png */; };
		6DEB1AE614F4CB3900F5D700 /* fire-button-pressed.png in Resources */ = {isa = PBXBuildFile; fileRef = 6DEB1AE314F4CB3700F5D700 /* fire-button-pressed.png */; };
		6DEB1AE714F4CB3900F5D700 /* fire-button.png in Resources */ = {isa = PBXBuildFile; fileRef = 6DEB1AE414F4CB3800F5D700 /* fire-button.png */; };
		6DEB1AF014F4D8C700F5D700 /* power-board.png in Resources */ = {isa = PBXBuildFile; fileRef = 6DEB1AEF14F4D8C700F5D700 /* power-board.png */; };
		6DEB1AF214F4F13300F5D700 /* straw-break.png in Resources */ = {isa = PBXBuildFile; fileRef = 6DEB1AF114F4F13300F5D700 /* straw-break.png */; };
		6DEB1AF514F5C7AC00F5D700 /* CloudFactory.m in Sources */ = {isa = PBXBuildFile; fileRef = 6DEB1AF414F5C7AB00F5D700 /* CloudFactory.m */; };
		6DEB1AF814F5D33B00F5D700 /* CloudObject.m in Sources */ = {isa = PBXBuildFile; fileRef = 6DEB1AF714F5D33A00F5D700 /* CloudObject.m */; };
		6DF376DB14DA18C5009B2139 /* FileDataController.m in Sources */ = {isa = PBXBuildFile; fileRef = 6DF376DA14DA18C4009B2139 /* FileDataController.m */; };
		6DF8EABC14F34EFD0027E0E6 /* huff-and-puff-away.png in Resources */ = {isa = PBXBuildFile; fileRef = 6DF8EABB14F34EFD0027E0E6 /* huff-and-puff-away.png */; };
		6DF8EAC014F352CE0027E0E6 /* TextAnimation.m in Sources */ = {isa = PBXBuildFile; fileRef = 6DF8EABF14F352CE0027E0E6 /* TextAnimation.m */; };
/* End PBXBuildFile section */

/* Begin PBXContainerItemProxy section */
		6DA8FE1F14C5FA16009BD349 /* PBXContainerItemProxy */ = {
			isa = PBXContainerItemProxy;
			containerPortal = 6DA8FDED14C5FA16009BD349 /* Project object */;
			proxyType = 1;
			remoteGlobalIDString = 6DA8FDF514C5FA16009BD349;
			remoteInfo = Game;
		};
/* End PBXContainerItemProxy section */

/* Begin PBXFileReference section */
		6D1FAC6314D335520040C631 /* palette.png */ = {isa = PBXFileReference; lastKnownFileType = image.png; path = palette.png; sourceTree = "<group>"; };
		6D2526AC14CDD8690094A022 /* background.png */ = {isa = PBXFileReference; lastKnownFileType = image.png; path = background.png; sourceTree = "<group>"; };
		6D2526AD14CDD8690094A022 /* ground.png */ = {isa = PBXFileReference; lastKnownFileType = image.png; path = ground.png; sourceTree = "<group>"; };
		6D79D04014D3A935005A6126 /* GameObject.m */ = {isa = PBXFileReference; fileEncoding = 4; lastKnownFileType = sourcecode.c.objc; name = GameObject.m; path = ../GameObject.m; sourceTree = "<group>"; };
		6D79D04914D3C4DD005A6126 /* GameObject.h */ = {isa = PBXFileReference; fileEncoding = 4; lastKnownFileType = sourcecode.c.h; name = GameObject.h; path = ../GameObject.h; sourceTree = "<group>"; };
		6D79D04A14D3C4DD005A6126 /* GameViewControllerExtension.h */ = {isa = PBXFileReference; fileEncoding = 4; lastKnownFileType = sourcecode.c.h; path = GameViewControllerExtension.h; sourceTree = "<group>"; };
		6D79D05314D3CDB2005A6126 /* GameWolf.h */ = {isa = PBXFileReference; fileEncoding = 4; lastKnownFileType = sourcecode.c.h; name = GameWolf.h; path = ../GameWolf.h; sourceTree = "<group>"; };
		6D79D05414D3CDB2005A6126 /* GameWolf.m */ = {isa = PBXFileReference; fileEncoding = 4; lastKnownFileType = sourcecode.c.objc; name = GameWolf.m; path = ../GameWolf.m; sourceTree = "<group>"; };
		6D79D0AB14D7E1BB005A6126 /* GamePig.h */ = {isa = PBXFileReference; fileEncoding = 4; lastKnownFileType = sourcecode.c.h; name = GamePig.h; path = ../GamePig.h; sourceTree = "<group>"; };
		6D79D0AC14D7E1BC005A6126 /* GamePig.m */ = {isa = PBXFileReference; fileEncoding = 4; lastKnownFileType = sourcecode.c.objc; name = GamePig.m; path = ../GamePig.m; sourceTree = "<group>"; };
		6D79D0AF14D7EF13005A6126 /* GameBlock.h */ = {isa = PBXFileReference; fileEncoding = 4; lastKnownFileType = sourcecode.c.h; name = GameBlock.h; path = ../GameBlock.h; sourceTree = "<group>"; };
		6D79D0B014D7EF14005A6126 /* GameBlock.m */ = {isa = PBXFileReference; fileEncoding = 4; lastKnownFileType = sourcecode.c.objc; name = GameBlock.m; path = ../GameBlock.m; sourceTree = "<group>"; };
		6DA8FDF614C5FA16009BD349 /* Game.app */ = {isa = PBXFileReference; explicitFileType = wrapper.application; includeInIndex = 0; path = Game.app; sourceTree = BUILT_PRODUCTS_DIR; };
		6DA8FDFA14C5FA16009BD349 /* UIKit.framework */ = {isa = PBXFileReference; lastKnownFileType = wrapper.framework; name = UIKit.framework; path = System/Library/Frameworks/UIKit.framework; sourceTree = SDKROOT; };
		6DA8FDFC14C5FA16009BD349 /* Foundation.framework */ = {isa = PBXFileReference; lastKnownFileType = wrapper.framework; name = Foundation.framework; path = System/Library/Frameworks/Foundation.framework; sourceTree = SDKROOT; };
		6DA8FDFE14C5FA16009BD349 /* CoreGraphics.framework */ = {isa = PBXFileReference; lastKnownFileType = wrapper.framework; name = CoreGraphics.framework; path = System/Library/Frameworks/CoreGraphics.framework; sourceTree = SDKROOT; };
		6DA8FE0214C5FA16009BD349 /* Game-Info.plist */ = {isa = PBXFileReference; lastKnownFileType = text.plist.xml; path = "Game-Info.plist"; sourceTree = "<group>"; };
		6DA8FE0414C5FA16009BD349 /* en */ = {isa = PBXFileReference; lastKnownFileType = text.plist.strings; name = en; path = en.lproj/InfoPlist.strings; sourceTree = "<group>"; };
		6DA8FE0614C5FA16009BD349 /* main.m */ = {isa = PBXFileReference; lastKnownFileType = sourcecode.c.objc; path = main.m; sourceTree = "<group>"; };
		6DA8FE0814C5FA16009BD349 /* Game-Prefix.pch */ = {isa = PBXFileReference; lastKnownFileType = sourcecode.c.h; path = "Game-Prefix.pch"; sourceTree = "<group>"; };
		6DA8FE0914C5FA16009BD349 /* AppDelegate.h */ = {isa = PBXFileReference; lastKnownFileType = sourcecode.c.h; path = AppDelegate.h; sourceTree = "<group>"; };
		6DA8FE0A14C5FA16009BD349 /* AppDelegate.m */ = {isa = PBXFileReference; lastKnownFileType = sourcecode.c.objc; path = AppDelegate.m; sourceTree = "<group>"; };
		6DA8FE0D14C5FA16009BD349 /* en */ = {isa = PBXFileReference; lastKnownFileType = file.storyboard; name = en; path = en.lproj/MainStoryboard_iPhone.storyboard; sourceTree = "<group>"; };
		6DA8FE1014C5FA16009BD349 /* en */ = {isa = PBXFileReference; lastKnownFileType = file.storyboard; name = en; path = en.lproj/MainStoryboard_iPad.storyboard; sourceTree = "<group>"; };
		6DA8FE1214C5FA16009BD349 /* GameViewController.h */ = {isa = PBXFileReference; lastKnownFileType = sourcecode.c.h; path = GameViewController.h; sourceTree = "<group>"; };
		6DA8FE1314C5FA16009BD349 /* GameViewController.m */ = {isa = PBXFileReference; lastKnownFileType = sourcecode.c.objc; path = GameViewController.m; sourceTree = "<group>"; };
		6DA8FE1A14C5FA16009BD349 /* GameTests.octest */ = {isa = PBXFileReference; explicitFileType = wrapper.cfbundle; includeInIndex = 0; path = GameTests.octest; sourceTree = BUILT_PRODUCTS_DIR; };
		6DA8FE1B14C5FA16009BD349 /* SenTestingKit.framework */ = {isa = PBXFileReference; lastKnownFileType = wrapper.framework; name = SenTestingKit.framework; path = Library/Frameworks/SenTestingKit.framework; sourceTree = DEVELOPER_DIR; };
		6DA8FE2314C5FA16009BD349 /* GameTests-Info.plist */ = {isa = PBXFileReference; lastKnownFileType = text.plist.xml; path = "GameTests-Info.plist"; sourceTree = "<group>"; };
		6DA8FE2514C5FA16009BD349 /* en */ = {isa = PBXFileReference; lastKnownFileType = text.plist.strings; name = en; path = en.lproj/InfoPlist.strings; sourceTree = "<group>"; };
		6DA8FE2714C5FA16009BD349 /* GameTests.h */ = {isa = PBXFileReference; lastKnownFileType = sourcecode.c.h; path = GameTests.h; sourceTree = "<group>"; };
		6DA8FE2814C5FA17009BD349 /* GameTests.m */ = {isa = PBXFileReference; lastKnownFileType = sourcecode.c.objc; path = GameTests.m; sourceTree = "<group>"; };
		6DB0022B14ECB58B004F36EC /* GameArrow.h */ = {isa = PBXFileReference; fileEncoding = 4; lastKnownFileType = sourcecode.c.h; name = GameArrow.h; path = ../GameArrow.h; sourceTree = "<group>"; };
		6DB0022C14ECB58B004F36EC /* GameArrow.m */ = {isa = PBXFileReference; fileEncoding = 4; lastKnownFileType = sourcecode.c.objc; name = GameArrow.m; path = ../GameArrow.m; sourceTree = "<group>"; };
		6DB0022E14ECB5D8004F36EC /* breath-bar.png */ = {isa = PBXFileReference; lastKnownFileType = image.png; path = "breath-bar.png"; sourceTree = "<group>"; };
		6DB0022F14ECB5D9004F36EC /* direction-arrow-selected.png */ = {isa = PBXFileReference; lastKnownFileType = image.png; path = "direction-arrow-selected.png"; sourceTree = "<group>"; };
		6DB0023014ECB5D9004F36EC /* direction-arrow.png */ = {isa = PBXFileReference; lastKnownFileType = image.png; path = "direction-arrow.png"; sourceTree = "<group>"; };
		6DB0023114ECB5D9004F36EC /* direction-degree.png */ = {isa = PBXFileReference; lastKnownFileType = image.png; path = "direction-degree.png"; sourceTree = "<group>"; };
		6DB0023214ECB5D9004F36EC /* iron.png */ = {isa = PBXFileReference; lastKnownFileType = image.png; path = iron.png; sourceTree = "<group>"; };
		6DB0023314ECB5D9004F36EC /* pig.png */ = {isa = PBXFileReference; lastKnownFileType = image.png; path = pig.png; sourceTree = "<group>"; };
		6DB0023414ECB5DA004F36EC /* stone.png */ = {isa = PBXFileReference; lastKnownFileType = image.png; path = stone.png; sourceTree = "<group>"; };
		6DB0023514ECB5DA004F36EC /* straw.png */ = {isa = PBXFileReference; lastKnownFileType = image.png; path = straw.png; sourceTree = "<group>"; };
		6DB0023614ECB5DA004F36EC /* windblow.png */ = {isa = PBXFileReference; lastKnownFileType = image.png; path = windblow.png; sourceTree = "<group>"; };
		6DB0023714ECB5DA004F36EC /* wolfs.png */ = {isa = PBXFileReference; lastKnownFileType = image.png; path = wolfs.png; sourceTree = "<group>"; };
		6DB0023814ECB5DB004F36EC /* wood.png */ = {isa = PBXFileReference; lastKnownFileType = image.png; path = wood.png; sourceTree = "<group>"; };
		6DB0024C14ECF0AA004F36EC /* GameBar.h */ = {isa = PBXFileReference; fileEncoding = 4; lastKnownFileType = sourcecode.c.h; name = GameBar.h; path = ../GameBar.h; sourceTree = "<group>"; };
		6DB0024D14ECF0AA004F36EC /* GameBar.m */ = {isa = PBXFileReference; fileEncoding = 4; lastKnownFileType = sourcecode.c.objc; name = GameBar.m; path = ../GameBar.m; sourceTree = "<group>"; };
		6DD7F49D14F249DE001EE8EE /* wolfdie.png */ = {isa = PBXFileReference; lastKnownFileType = image.png; name = wolfdie.png; path = ../Images/wolfdie.png; sourceTree = "<group>"; };
		6DD7F49F14F27306001EE8EE /* GameBreathe.h */ = {isa = PBXFileReference; fileEncoding = 4; lastKnownFileType = sourcecode.c.h; name = GameBreathe.h; path = ../GameBreathe.h; sourceTree = "<group>"; };
		6DD7F4A014F27306001EE8EE /* GameBreathe.m */ = {isa = PBXFileReference; fileEncoding = 4; lastKnownFileType = sourcecode.c.objc; name = GameBreathe.m; path = ../GameBreathe.m; sourceTree = "<group>"; };
		6DDAADB114F12473004D3C3E /* PlayViewController.h */ = {isa = PBXFileReference; fileEncoding = 4; lastKnownFileType = sourcecode.c.h; path = PlayViewController.h; sourceTree = "<group>"; };
		6DDAADB214F12473004D3C3E /* PlayViewController.m */ = {isa = PBXFileReference; fileEncoding = 4; lastKnownFileType = sourcecode.c.objc; path = PlayViewController.m; sourceTree = "<group>"; };
		6DDAADB314F12473004D3C3E /* PlayView.xib */ = {isa = PBXFileReference; fileEncoding = 4; lastKnownFileType = file.xib; path = PlayView.xib; sourceTree = "<group>"; };
		6DDAADB714F13620004D3C3E /* Matrix2D.h */ = {isa = PBXFileReference; fileEncoding = 4; lastKnownFileType = sourcecode.c.h; path = Matrix2D.h; sourceTree = "<group>"; };
		6DDAADB814F13620004D3C3E /* Matrix2D.m */ = {isa = PBXFileReference; fileEncoding = 4; lastKnownFileType = sourcecode.c.objc; path = Matrix2D.m; sourceTree = "<group>"; };
		6DDAADC114F13621004D3C3E /* Vector2D.h */ = {isa = PBXFileReference; fileEncoding = 4; lastKnownFileType = sourcecode.c.h; path = Vector2D.h; sourceTree = "<group>"; };
		6DDAADC714F1362C004D3C3E /* Vector2D.m */ = {isa = PBXFileReference; fileEncoding = 4; lastKnownFileType = sourcecode.c.objc; path = Vector2D.m; sourceTree = "<group>"; };
		6DDAADE014F23B8F004D3C3E /* GameFireButton.h */ = {isa = PBXFileReference; fileEncoding = 4; lastKnownFileType = sourcecode.c.h; name = GameFireButton.h; path = Game/GameFireButton.h; sourceTree = SOURCE_ROOT; };
		6DDAADE114F23B8F004D3C3E /* GameFireButton.m */ = {isa = PBXFileReference; fileEncoding = 4; lastKnownFileType = sourcecode.c.objc; name = GameFireButton.m; path = Game/GameFireButton.m; sourceTree = SOURCE_ROOT; };
		6DDAADE814F248A4004D3C3E /* PhysicsCircle.h */ = {isa = PBXFileReference; fileEncoding = 4; lastKnownFileType = sourcecode.c.h; path = PhysicsCircle.h; sourceTree = "<group>"; };
		6DDAADE914F248A4004D3C3E /* PhysicsCircle.m */ = {isa = PBXFileReference; fileEncoding = 4; lastKnownFileType = sourcecode.c.objc; path = PhysicsCircle.m; sourceTree = "<group>"; };
		6DDAADEA14F248A4004D3C3E /* PhysicsRect.h */ = {isa = PBXFileReference; fileEncoding = 4; lastKnownFileType = sourcecode.c.h; path = PhysicsRect.h; sourceTree = "<group>"; };
		6DDAADEB14F248A4004D3C3E /* PhysicsRect.m */ = {isa = PBXFileReference; fileEncoding = 4; lastKnownFileType = sourcecode.c.objc; path = PhysicsRect.m; sourceTree = "<group>"; };
		6DDAADEC14F248A4004D3C3E /* PhysicsShape.h */ = {isa = PBXFileReference; fileEncoding = 4; lastKnownFileType = sourcecode.c.h; path = PhysicsShape.h; sourceTree = "<group>"; };
		6DDAADED14F248A4004D3C3E /* PhysicsShape.m */ = {isa = PBXFileReference; fileEncoding = 4; lastKnownFileType = sourcecode.c.objc; path = PhysicsShape.m; sourceTree = "<group>"; };
		6DDAADEE14F248A4004D3C3E /* PhysicsWorld.h */ = {isa = PBXFileReference; fileEncoding = 4; lastKnownFileType = sourcecode.c.h; path = PhysicsWorld.h; sourceTree = "<group>"; };
		6DDAADEF14F248A4004D3C3E /* PhysicsWorld.m */ = {isa = PBXFileReference; fileEncoding = 4; lastKnownFileType = sourcecode.c.objc; path = PhysicsWorld.m; sourceTree = "<group>"; };
		6DDAADF414F2492D004D3C3E /* cloud1.png */ = {isa = PBXFileReference; lastKnownFileType = image.png; name = cloud1.png; path = ../Images/cloud1.png; sourceTree = "<group>"; };
		6DDAADF514F2492D004D3C3E /* cloud2.png */ = {isa = PBXFileReference; lastKnownFileType = image.png; name = cloud2.png; path = ../Images/cloud2.png; sourceTree = "<group>"; };
		6DDAADF614F2492D004D3C3E /* cloud3.png */ = {isa = PBXFileReference; lastKnownFileType = image.png; name = cloud3.png; path = ../Images/cloud3.png; sourceTree = "<group>"; };
		6DDAADF714F2492D004D3C3E /* font.png */ = {isa = PBXFileReference; lastKnownFileType = image.png; name = font.png; path = ../Images/font.png; sourceTree = "<group>"; };
		6DDAADF814F2492D004D3C3E /* heart.png */ = {isa = PBXFileReference; lastKnownFileType = image.png; name = heart.png; path = ../Images/heart.png; sourceTree = "<group>"; };
		6DDAADF914F2492D004D3C3E /* pig-die-smoke.png */ = {isa = PBXFileReference; lastKnownFileType = image.png; name = "pig-die-smoke.png"; path = "../Images/pig-die-smoke.png"; sourceTree = "<group>"; };
		6DDAADFA14F2492D004D3C3E /* pig2.png */ = {isa = PBXFileReference; lastKnownFileType = image.png; name = pig2.png; path = ../Images/pig2.png; sourceTree = "<group>"; };
		6DDAADFB14F2492D004D3C3E /* score.png */ = {isa = PBXFileReference; lastKnownFileType = image.png; name = score.png; path = ../Images/score.png; sourceTree = "<group>"; };
		6DDAADFC14F2492D004D3C3E /* wind-disperse.png */ = {isa = PBXFileReference; lastKnownFileType = image.png; name = "wind-disperse.png"; path = "../Images/wind-disperse.png"; sourceTree = "<group>"; };
		6DDAADFD14F2492D004D3C3E /* wind-disperse1.png */ = {isa = PBXFileReference; lastKnownFileType = image.png; name = "wind-disperse1.png"; path = "../Images/wind-disperse1.png"; sourceTree = "<group>"; };
		6DDAADFE14F2492D004D3C3E /* wind-disperse2.png */ = {isa = PBXFileReference; lastKnownFileType = image.png; name = "wind-disperse2.png"; path = "../Images/wind-disperse2.png"; sourceTree = "<group>"; };
		6DDAADFF14F2492E004D3C3E /* wind-disperse3.png */ = {isa = PBXFileReference; lastKnownFileType = image.png; name = "wind-disperse3.png"; path = "../Images/wind-disperse3.png"; sourceTree = "<group>"; };
		6DDAAE0014F2492E004D3C3E /* windblow1.png */ = {isa = PBXFileReference; lastKnownFileType = image.png; name = windblow1.png; path = ../Images/windblow1.png; sourceTree = "<group>"; };
		6DDAAE0114F2492E004D3C3E /* windblow2.png */ = {isa = PBXFileReference; lastKnownFileType = image.png; name = windblow2.png; path = ../Images/windblow2.png; sourceTree = "<group>"; };
		6DDAAE0214F2492E004D3C3E /* windblow3.png */ = {isa = PBXFileReference; lastKnownFileType = image.png; name = windblow3.png; path = ../Images/windblow3.png; sourceTree = "<group>"; };
		6DDAAE0314F2492E004D3C3E /* windsuck.png */ = {isa = PBXFileReference; lastKnownFileType = image.png; name = windsuck.png; path = ../Images/windsuck.png; sourceTree = "<group>"; };
		6DEB1AD914F4A93200F5D700 /* text-ouch.png */ = {isa = PBXFileReference; lastKnownFileType = image.png; name = "text-ouch.png"; path = "../Images/text-ouch.png"; sourceTree = "<group>"; };
		6DEB1ADB14F4AC0800F5D700 /* TextBalloon.h */ = {isa = PBXFileReference; fileEncoding = 4; lastKnownFileType = sourcecode.c.h; name = TextBalloon.h; path = Game/TextBalloon.h; sourceTree = SOURCE_ROOT; };
		6DEB1ADC14F4AC0800F5D700 /* TextBalloon.m */ = {isa = PBXFileReference; fileEncoding = 4; lastKnownFileType = sourcecode.c.objc; name = TextBalloon.m; path = Game/TextBalloon.m; sourceTree = SOURCE_ROOT; };
		6DEB1ADE14F4C10D00F5D700 /* text-ahhh.png */ = {isa = PBXFileReference; lastKnownFileType = image.png; name = "text-ahhh.png"; path = "../Images/text-ahhh.png"; sourceTree = "<group>"; };
		6DEB1ADF14F4C11000F5D700 /* text-howl.png */ = {isa = PBXFileReference; lastKnownFileType = image.png; name = "text-howl.png"; path = "../Images/text-howl.png"; sourceTree = "<group>"; };
		6DEB1AE214F4CB3600F5D700 /* breath-bar-big.png */ = {isa = PBXFileReference; lastKnownFileType = image.png; path = "breath-bar-big.png"; sourceTree = "<group>"; };
		6DEB1AE314F4CB3700F5D700 /* fire-button-pressed.png */ = {isa = PBXFileReference; lastKnownFileType = image.png; path = "fire-button-pressed.png"; sourceTree = "<group>"; };
		6DEB1AE414F4CB3800F5D700 /* fire-button.png */ = {isa = PBXFileReference; lastKnownFileType = image.png; path = "fire-button.png"; sourceTree = "<group>"; };
		6DEB1AEF14F4D8C700F5D700 /* power-board.png */ = {isa = PBXFileReference; lastKnownFileType = image.png; name = "power-board.png"; path = "../Images/power-board.png"; sourceTree = "<group>"; };
		6DEB1AF114F4F13300F5D700 /* straw-break.png */ = {isa = PBXFileReference; lastKnownFileType = image.png; name = "straw-break.png"; path = "../Images/straw-break.png"; sourceTree = "<group>"; };
		6DEB1AF314F5C7AA00F5D700 /* CloudFactory.h */ = {isa = PBXFileReference; fileEncoding = 4; lastKnownFileType = sourcecode.c.h; path = CloudFactory.h; sourceTree = "<group>"; };
		6DEB1AF414F5C7AB00F5D700 /* CloudFactory.m */ = {isa = PBXFileReference; fileEncoding = 4; lastKnownFileType = sourcecode.c.objc; path = CloudFactory.m; sourceTree = "<group>"; };
		6DEB1AF614F5D33800F5D700 /* CloudObject.h */ = {isa = PBXFileReference; fileEncoding = 4; lastKnownFileType = sourcecode.c.h; path = CloudObject.h; sourceTree = "<group>"; };
		6DEB1AF714F5D33A00F5D700 /* CloudObject.m */ = {isa = PBXFileReference; fileEncoding = 4; lastKnownFileType = sourcecode.c.objc; path = CloudObject.m; sourceTree = "<group>"; };
		6DF376D914DA18C4009B2139 /* FileDataController.h */ = {isa = PBXFileReference; fileEncoding = 4; lastKnownFileType = sourcecode.c.h; path = FileDataController.h; sourceTree = "<group>"; };
		6DF376DA14DA18C4009B2139 /* FileDataController.m */ = {isa = PBXFileReference; fileEncoding = 4; lastKnownFileType = sourcecode.c.objc; path = FileDataController.m; sourceTree = "<group>"; };
		6DF8EABB14F34EFD0027E0E6 /* huff-and-puff-away.png */ = {isa = PBXFileReference; lastKnownFileType = image.png; path = "huff-and-puff-away.png"; sourceTree = "<group>"; };
		6DF8EABE14F352CE0027E0E6 /* TextAnimation.h */ = {isa = PBXFileReference; fileEncoding = 4; lastKnownFileType = sourcecode.c.h; path = TextAnimation.h; sourceTree = "<group>"; };
		6DF8EABF14F352CE0027E0E6 /* TextAnimation.m */ = {isa = PBXFileReference; fileEncoding = 4; lastKnownFileType = sourcecode.c.objc; path = TextAnimation.m; sourceTree = "<group>"; };
/* End PBXFileReference section */

/* Begin PBXFrameworksBuildPhase section */
		6DA8FDF314C5FA16009BD349 /* Frameworks */ = {
			isa = PBXFrameworksBuildPhase;
			buildActionMask = 2147483647;
			files = (
				6DA8FDFB14C5FA16009BD349 /* UIKit.framework in Frameworks */,
				6DA8FDFD14C5FA16009BD349 /* Foundation.framework in Frameworks */,
				6DA8FDFF14C5FA16009BD349 /* CoreGraphics.framework in Frameworks */,
			);
			runOnlyForDeploymentPostprocessing = 0;
		};
		6DA8FE1614C5FA16009BD349 /* Frameworks */ = {
			isa = PBXFrameworksBuildPhase;
			buildActionMask = 2147483647;
			files = (
				6DA8FE1C14C5FA16009BD349 /* SenTestingKit.framework in Frameworks */,
				6DA8FE1D14C5FA16009BD349 /* UIKit.framework in Frameworks */,
				6DA8FE1E14C5FA16009BD349 /* Foundation.framework in Frameworks */,
			);
			runOnlyForDeploymentPostprocessing = 0;
		};
/* End PBXFrameworksBuildPhase section */

/* Begin PBXGroup section */
		6D2526AB14CDD8690094A022 /* Images */ = {
			isa = PBXGroup;
			children = (
				6DEB1AE214F4CB3600F5D700 /* breath-bar-big.png */,
				6DDAADF414F2492D004D3C3E /* cloud1.png */,
				6DDAADF514F2492D004D3C3E /* cloud2.png */,
				6DDAADF614F2492D004D3C3E /* cloud3.png */,
				6DDAADF714F2492D004D3C3E /* font.png */,
				6DEB1AE314F4CB3700F5D700 /* fire-button-pressed.png */,
				6DEB1AE414F4CB3800F5D700 /* fire-button.png */,
				6DF8EABB14F34EFD0027E0E6 /* huff-and-puff-away.png */,
				6DDAADF814F2492D004D3C3E /* heart.png */,
				6DDAADFB14F2492D004D3C3E /* score.png */,
				6DDAADFC14F2492D004D3C3E /* wind-disperse.png */,
				6DDAADFD14F2492D004D3C3E /* wind-disperse1.png */,
				6DDAADFE14F2492D004D3C3E /* wind-disperse2.png */,
				6DDAADFF14F2492E004D3C3E /* wind-disperse3.png */,
				6DB0023614ECB5DA004F36EC /* windblow.png */,
				6DDAAE0014F2492E004D3C3E /* windblow1.png */,
				6DDAAE0114F2492E004D3C3E /* windblow2.png */,
				6DDAAE0214F2492E004D3C3E /* windblow3.png */,
				6DDAAE0314F2492E004D3C3E /* windsuck.png */,
				6DB0022E14ECB5D8004F36EC /* breath-bar.png */,
				6DB0022F14ECB5D9004F36EC /* direction-arrow-selected.png */,
				6DB0023014ECB5D9004F36EC /* direction-arrow.png */,
				6DB0023114ECB5D9004F36EC /* direction-degree.png */,
				6DB0023214ECB5D9004F36EC /* iron.png */,
				6DB0023314ECB5D9004F36EC /* pig.png */,
				6DDAADFA14F2492D004D3C3E /* pig2.png */,
				6DDAADF914F2492D004D3C3E /* pig-die-smoke.png */,
				6DEB1AEF14F4D8C700F5D700 /* power-board.png */,
				6DB0023414ECB5DA004F36EC /* stone.png */,
				6DB0023514ECB5DA004F36EC /* straw.png */,
				6DEB1AF114F4F13300F5D700 /* straw-break.png */,
				6DEB1ADE14F4C10D00F5D700 /* text-ahhh.png */,
				6DEB1ADF14F4C11000F5D700 /* text-howl.png */,
				6DEB1AD914F4A93200F5D700 /* text-ouch.png */,
				6DB0023714ECB5DA004F36EC /* wolfs.png */,
				6DD7F49D14F249DE001EE8EE /* wolfdie.png */,
				6DB0023814ECB5DB004F36EC /* wood.png */,
				6D2526AC14CDD8690094A022 /* background.png */,
				6D2526AD14CDD8690094A022 /* ground.png */,
				6D1FAC6314D335520040C631 /* palette.png */,
			);
			name = Images;
			path = images;
			sourceTree = "<group>";
		};
		6DA8FDEB14C5FA16009BD349 = {
			isa = PBXGroup;
			children = (
				6DA8FE0014C5FA16009BD349 /* Game */,
				6DA8FE2114C5FA16009BD349 /* GameTests */,
				6DA8FDF914C5FA16009BD349 /* Frameworks */,
				6DA8FDF714C5FA16009BD349 /* Products */,
			);
			sourceTree = "<group>";
		};
		6DA8FDF714C5FA16009BD349 /* Products */ = {
			isa = PBXGroup;
			children = (
				6DA8FDF614C5FA16009BD349 /* Game.app */,
				6DA8FE1A14C5FA16009BD349 /* GameTests.octest */,
			);
			name = Products;
			sourceTree = "<group>";
		};
		6DA8FDF914C5FA16009BD349 /* Frameworks */ = {
			isa = PBXGroup;
			children = (
				6DA8FDFA14C5FA16009BD349 /* UIKit.framework */,
				6DA8FDFC14C5FA16009BD349 /* Foundation.framework */,
				6DA8FDFE14C5FA16009BD349 /* CoreGraphics.framework */,
				6DA8FE1B14C5FA16009BD349 /* SenTestingKit.framework */,
			);
			name = Frameworks;
			sourceTree = "<group>";
		};
		6DA8FE0014C5FA16009BD349 /* Game */ = {
			isa = PBXGroup;
			children = (
				6DDAADCA14F1369A004D3C3E /* Physics Engine */,
				6DDAADC914F13672004D3C3E /* Math2D */,
				6D2526AB14CDD8690094A022 /* Images */,
				6DEB1AF914F5E06200F5D700 /* Cloud Maker */,
				6DDAADCF14F137D0004D3C3E /* Game Objects */,
				6DA8FE0914C5FA16009BD349 /* AppDelegate.h */,
				6DA8FE0A14C5FA16009BD349 /* AppDelegate.m */,
				6DF8EABE14F352CE0027E0E6 /* TextAnimation.h */,
				6DF8EABF14F352CE0027E0E6 /* TextAnimation.m */,
				6DEB1ADB14F4AC0800F5D700 /* TextBalloon.h */,
				6DEB1ADC14F4AC0800F5D700 /* TextBalloon.m */,
				6DA8FE0C14C5FA16009BD349 /* MainStoryboard_iPhone.storyboard */,
				6DA8FE0F14C5FA16009BD349 /* MainStoryboard_iPad.storyboard */,
				6D79D04A14D3C4DD005A6126 /* GameViewControllerExtension.h */,
				6DA8FE1214C5FA16009BD349 /* GameViewController.h */,
				6DA8FE1314C5FA16009BD349 /* GameViewController.m */,
				6DDAADB114F12473004D3C3E /* PlayViewController.h */,
				6DDAADB214F12473004D3C3E /* PlayViewController.m */,
				6DDAADB314F12473004D3C3E /* PlayView.xib */,
				6DF376D914DA18C4009B2139 /* FileDataController.h */,
				6DF376DA14DA18C4009B2139 /* FileDataController.m */,
				6DA8FE0114C5FA16009BD349 /* Supporting Files */,
			);
			path = Game;
			sourceTree = "<group>";
		};
		6DA8FE0114C5FA16009BD349 /* Supporting Files */ = {
			isa = PBXGroup;
			children = (
				6DA8FE0214C5FA16009BD349 /* Game-Info.plist */,
				6DA8FE0314C5FA16009BD349 /* InfoPlist.strings */,
				6DA8FE0614C5FA16009BD349 /* main.m */,
				6DA8FE0814C5FA16009BD349 /* Game-Prefix.pch */,
			);
			name = "Supporting Files";
			sourceTree = "<group>";
		};
		6DA8FE2114C5FA16009BD349 /* GameTests */ = {
			isa = PBXGroup;
			children = (
				6DA8FE2714C5FA16009BD349 /* GameTests.h */,
				6DA8FE2814C5FA17009BD349 /* GameTests.m */,
				6DA8FE2214C5FA16009BD349 /* Supporting Files */,
			);
			path = GameTests;
			sourceTree = "<group>";
		};
		6DA8FE2214C5FA16009BD349 /* Supporting Files */ = {
			isa = PBXGroup;
			children = (
				6DA8FE2314C5FA16009BD349 /* GameTests-Info.plist */,
				6DA8FE2414C5FA16009BD349 /* InfoPlist.strings */,
			);
			name = "Supporting Files";
			sourceTree = "<group>";
		};
		6DDAADC914F13672004D3C3E /* Math2D */ = {
			isa = PBXGroup;
			children = (
				6DDAADC114F13621004D3C3E /* Vector2D.h */,
				6DDAADC714F1362C004D3C3E /* Vector2D.m */,
				6DDAADB714F13620004D3C3E /* Matrix2D.h */,
				6DDAADB814F13620004D3C3E /* Matrix2D.m */,
			);
			name = Math2D;
			sourceTree = "<group>";
		};
		6DDAADCA14F1369A004D3C3E /* Physics Engine */ = {
			isa = PBXGroup;
			children = (
				6DDAADE814F248A4004D3C3E /* PhysicsCircle.h */,
				6DDAADE914F248A4004D3C3E /* PhysicsCircle.m */,
				6DDAADEA14F248A4004D3C3E /* PhysicsRect.h */,
				6DDAADEB14F248A4004D3C3E /* PhysicsRect.m */,
				6DDAADEC14F248A4004D3C3E /* PhysicsShape.h */,
				6DDAADED14F248A4004D3C3E /* PhysicsShape.m */,
				6DDAADEE14F248A4004D3C3E /* PhysicsWorld.h */,
				6DDAADEF14F248A4004D3C3E /* PhysicsWorld.m */,
			);
			name = "Physics Engine";
			sourceTree = "<group>";
		};
		6DDAADCF14F137D0004D3C3E /* Game Objects */ = {
			isa = PBXGroup;
			children = (
				6D79D04914D3C4DD005A6126 /* GameObject.h */,
				6D79D04014D3A935005A6126 /* GameObject.m */,
				6DB0022B14ECB58B004F36EC /* GameArrow.h */,
				6DB0022C14ECB58B004F36EC /* GameArrow.m */,
				6DB0024C14ECF0AA004F36EC /* GameBar.h */,
				6DB0024D14ECF0AA004F36EC /* GameBar.m */,
				6D79D0AF14D7EF13005A6126 /* GameBlock.h */,
				6D79D0B014D7EF14005A6126 /* GameBlock.m */,
				6DD7F49F14F27306001EE8EE /* GameBreathe.h */,
				6DD7F4A014F27306001EE8EE /* GameBreathe.m */,
				6DDAADE014F23B8F004D3C3E /* GameFireButton.h */,
				6DDAADE114F23B8F004D3C3E /* GameFireButton.m */,
				6D79D0AB14D7E1BB005A6126 /* GamePig.h */,
				6D79D0AC14D7E1BC005A6126 /* GamePig.m */,
				6D79D05314D3CDB2005A6126 /* GameWolf.h */,
				6D79D05414D3CDB2005A6126 /* GameWolf.m */,
			);
			name = "Game Objects";
			path = images;
			sourceTree = "<group>";
		};
		6DEB1AF914F5E06200F5D700 /* Cloud Maker */ = {
			isa = PBXGroup;
			children = (
				6DEB1AF614F5D33800F5D700 /* CloudObject.h */,
				6DEB1AF714F5D33A00F5D700 /* CloudObject.m */,
				6DEB1AF314F5C7AA00F5D700 /* CloudFactory.h */,
				6DEB1AF414F5C7AB00F5D700 /* CloudFactory.m */,
			);
			name = "Cloud Maker";
			sourceTree = "<group>";
		};
/* End PBXGroup section */

/* Begin PBXNativeTarget section */
		6DA8FDF514C5FA16009BD349 /* Game */ = {
			isa = PBXNativeTarget;
			buildConfigurationList = 6DA8FE2C14C5FA17009BD349 /* Build configuration list for PBXNativeTarget "Game" */;
			buildPhases = (
				6DA8FDF214C5FA16009BD349 /* Sources */,
				6DA8FDF314C5FA16009BD349 /* Frameworks */,
				6DA8FDF414C5FA16009BD349 /* Resources */,
			);
			buildRules = (
			);
			dependencies = (
			);
			name = Game;
			productName = Game;
			productReference = 6DA8FDF614C5FA16009BD349 /* Game.app */;
			productType = "com.apple.product-type.application";
		};
		6DA8FE1914C5FA16009BD349 /* GameTests */ = {
			isa = PBXNativeTarget;
			buildConfigurationList = 6DA8FE2F14C5FA17009BD349 /* Build configuration list for PBXNativeTarget "GameTests" */;
			buildPhases = (
				6DA8FE1514C5FA16009BD349 /* Sources */,
				6DA8FE1614C5FA16009BD349 /* Frameworks */,
				6DA8FE1714C5FA16009BD349 /* Resources */,
				6DA8FE1814C5FA16009BD349 /* ShellScript */,
			);
			buildRules = (
			);
			dependencies = (
				6DA8FE2014C5FA16009BD349 /* PBXTargetDependency */,
			);
			name = GameTests;
			productName = GameTests;
			productReference = 6DA8FE1A14C5FA16009BD349 /* GameTests.octest */;
			productType = "com.apple.product-type.bundle";
		};
/* End PBXNativeTarget section */

/* Begin PBXProject section */
		6DA8FDED14C5FA16009BD349 /* Project object */ = {
			isa = PBXProject;
			attributes = {
				LastUpgradeCheck = 0420;
				ORGANIZATIONNAME = "National University of Singapore";
			};
			buildConfigurationList = 6DA8FDF014C5FA16009BD349 /* Build configuration list for PBXProject "Game" */;
			compatibilityVersion = "Xcode 3.2";
			developmentRegion = English;
			hasScannedForEncodings = 0;
			knownRegions = (
				en,
			);
			mainGroup = 6DA8FDEB14C5FA16009BD349;
			productRefGroup = 6DA8FDF714C5FA16009BD349 /* Products */;
			projectDirPath = "";
			projectRoot = "";
			targets = (
				6DA8FDF514C5FA16009BD349 /* Game */,
				6DA8FE1914C5FA16009BD349 /* GameTests */,
			);
		};
/* End PBXProject section */

/* Begin PBXResourcesBuildPhase section */
		6DA8FDF414C5FA16009BD349 /* Resources */ = {
			isa = PBXResourcesBuildPhase;
			buildActionMask = 2147483647;
			files = (
				6DA8FE0514C5FA16009BD349 /* InfoPlist.strings in Resources */,
				6DA8FE0E14C5FA16009BD349 /* MainStoryboard_iPhone.storyboard in Resources */,
				6DA8FE1114C5FA16009BD349 /* MainStoryboard_iPad.storyboard in Resources */,
				6D2526AE14CDD8690094A022 /* background.png in Resources */,
				6D2526AF14CDD8690094A022 /* ground.png in Resources */,
				6D1FAC6414D335520040C631 /* palette.png in Resources */,
				6DB0023914ECB5DC004F36EC /* breath-bar.png in Resources */,
				6DB0023A14ECB5DC004F36EC /* direction-arrow-selected.png in Resources */,
				6DB0023B14ECB5DC004F36EC /* direction-arrow.png in Resources */,
				6DB0023C14ECB5DC004F36EC /* direction-degree.png in Resources */,
				6DB0023D14ECB5DC004F36EC /* iron.png in Resources */,
				6DB0023E14ECB5DC004F36EC /* pig.png in Resources */,
				6DB0023F14ECB5DC004F36EC /* stone.png in Resources */,
				6DB0024014ECB5DC004F36EC /* straw.png in Resources */,
				6DB0024114ECB5DC004F36EC /* windblow.png in Resources */,
				6DB0024214ECB5DC004F36EC /* wolfs.png in Resources */,
				6DB0024314ECB5DC004F36EC /* wood.png in Resources */,
				6DDAADB514F12473004D3C3E /* PlayView.xib in Resources */,
				6DDAAE0414F2492E004D3C3E /* cloud1.png in Resources */,
				6DDAAE0514F2492E004D3C3E /* cloud2.png in Resources */,
				6DDAAE0614F2492E004D3C3E /* cloud3.png in Resources */,
				6DDAAE0714F2492E004D3C3E /* font.png in Resources */,
				6DDAAE0814F2492E004D3C3E /* heart.png in Resources */,
				6DDAAE0914F2492E004D3C3E /* pig-die-smoke.png in Resources */,
				6DDAAE0A14F2492E004D3C3E /* pig2.png in Resources */,
				6DDAAE0B14F2492E004D3C3E /* score.png in Resources */,
				6DDAAE0C14F2492E004D3C3E /* wind-disperse.png in Resources */,
				6DDAAE0D14F2492E004D3C3E /* wind-disperse1.png in Resources */,
				6DDAAE0E14F2492E004D3C3E /* wind-disperse2.png in Resources */,
				6DDAAE0F14F2492E004D3C3E /* wind-disperse3.png in Resources */,
				6DDAAE1014F2492E004D3C3E /* windblow1.png in Resources */,
				6DDAAE1114F2492E004D3C3E /* windblow2.png in Resources */,
				6DDAAE1214F2492E004D3C3E /* windblow3.png in Resources */,
				6DDAAE1314F2492E004D3C3E /* windsuck.png in Resources */,
				6DD7F49E14F249DE001EE8EE /* wolfdie.png in Resources */,
				6DF8EABC14F34EFD0027E0E6 /* huff-and-puff-away.png in Resources */,
				6DEB1ADA14F4A93400F5D700 /* text-ouch.png in Resources */,
				6DEB1AE014F4C11200F5D700 /* text-ahhh.png in Resources */,
				6DEB1AE114F4C11200F5D700 /* text-howl.png in Resources */,
				6DEB1AE514F4CB3900F5D700 /* breath-bar-big.png in Resources */,
				6DEB1AE614F4CB3900F5D700 /* fire-button-pressed.png in Resources */,
				6DEB1AE714F4CB3900F5D700 /* fire-button.png in Resources */,
				6DEB1AF014F4D8C700F5D700 /* power-board.png in Resources */,
				6DEB1AF214F4F13300F5D700 /* straw-break.png in Resources */,
			);
			runOnlyForDeploymentPostprocessing = 0;
		};
		6DA8FE1714C5FA16009BD349 /* Resources */ = {
			isa = PBXResourcesBuildPhase;
			buildActionMask = 2147483647;
			files = (
				6DA8FE2614C5FA16009BD349 /* InfoPlist.strings in Resources */,
			);
			runOnlyForDeploymentPostprocessing = 0;
		};
/* End PBXResourcesBuildPhase section */

/* Begin PBXShellScriptBuildPhase section */
		6DA8FE1814C5FA16009BD349 /* ShellScript */ = {
			isa = PBXShellScriptBuildPhase;
			buildActionMask = 2147483647;
			files = (
			);
			inputPaths = (
			);
			outputPaths = (
			);
			runOnlyForDeploymentPostprocessing = 0;
			shellPath = /bin/sh;
			shellScript = "# Run the unit tests in this test bundle.\n\"${SYSTEM_DEVELOPER_DIR}/Tools/RunUnitTests\"\n";
		};
/* End PBXShellScriptBuildPhase section */

/* Begin PBXSourcesBuildPhase section */
		6DA8FDF214C5FA16009BD349 /* Sources */ = {
			isa = PBXSourcesBuildPhase;
			buildActionMask = 2147483647;
			files = (
				6DA8FE0714C5FA16009BD349 /* main.m in Sources */,
				6DA8FE0B14C5FA16009BD349 /* AppDelegate.m in Sources */,
				6DA8FE1414C5FA16009BD349 /* GameViewController.m in Sources */,
				6D79D04114D3A935005A6126 /* GameObject.m in Sources */,
				6D79D05514D3CDB2005A6126 /* GameWolf.m in Sources */,
				6D79D0AD14D7E1BC005A6126 /* GamePig.m in Sources */,
				6D79D0B114D7EF17005A6126 /* GameBlock.m in Sources */,
				6DF376DB14DA18C5009B2139 /* FileDataController.m in Sources */,
				6DB0022D14ECB58C004F36EC /* GameArrow.m in Sources */,
				6DB0024E14ECF0AB004F36EC /* GameBar.m in Sources */,
				6DDAADB414F12473004D3C3E /* PlayViewController.m in Sources */,
				6DDAADC214F13621004D3C3E /* Matrix2D.m in Sources */,
				6DDAADC814F1362C004D3C3E /* Vector2D.m in Sources */,
				6DDAADE214F23B8F004D3C3E /* GameFireButton.m in Sources */,
				6DDAADF014F248A5004D3C3E /* PhysicsCircle.m in Sources */,
				6DDAADF114F248A5004D3C3E /* PhysicsRect.m in Sources */,
				6DDAADF214F248A5004D3C3E /* PhysicsShape.m in Sources */,
				6DDAADF314F248A5004D3C3E /* PhysicsWorld.m in Sources */,
				6DD7F4A114F27307001EE8EE /* GameBreathe.m in Sources */,
				6DF8EAC014F352CE0027E0E6 /* TextAnimation.m in Sources */,
				6DEB1ADD14F4AC0900F5D700 /* TextBalloon.m in Sources */,
				6DEB1AF514F5C7AC00F5D700 /* CloudFactory.m in Sources */,
				6DEB1AF814F5D33B00F5D700 /* CloudObject.m in Sources */,
			);
			runOnlyForDeploymentPostprocessing = 0;
		};
		6DA8FE1514C5FA16009BD349 /* Sources */ = {
			isa = PBXSourcesBuildPhase;
			buildActionMask = 2147483647;
			files = (
				6DA8FE2914C5FA17009BD349 /* GameTests.m in Sources */,
			);
			runOnlyForDeploymentPostprocessing = 0;
		};
/* End PBXSourcesBuildPhase section */

/* Begin PBXTargetDependency section */
		6DA8FE2014C5FA16009BD349 /* PBXTargetDependency */ = {
			isa = PBXTargetDependency;
			target = 6DA8FDF514C5FA16009BD349 /* Game */;
			targetProxy = 6DA8FE1F14C5FA16009BD349 /* PBXContainerItemProxy */;
		};
/* End PBXTargetDependency section */

/* Begin PBXVariantGroup section */
		6DA8FE0314C5FA16009BD349 /* InfoPlist.strings */ = {
			isa = PBXVariantGroup;
			children = (
				6DA8FE0414C5FA16009BD349 /* en */,
			);
			name = InfoPlist.strings;
			sourceTree = "<group>";
		};
		6DA8FE0C14C5FA16009BD349 /* MainStoryboard_iPhone.storyboard */ = {
			isa = PBXVariantGroup;
			children = (
				6DA8FE0D14C5FA16009BD349 /* en */,
			);
			name = MainStoryboard_iPhone.storyboard;
			sourceTree = "<group>";
		};
		6DA8FE0F14C5FA16009BD349 /* MainStoryboard_iPad.storyboard */ = {
			isa = PBXVariantGroup;
			children = (
				6DA8FE1014C5FA16009BD349 /* en */,
			);
			name = MainStoryboard_iPad.storyboard;
			sourceTree = "<group>";
		};
		6DA8FE2414C5FA16009BD349 /* InfoPlist.strings */ = {
			isa = PBXVariantGroup;
			children = (
				6DA8FE2514C5FA16009BD349 /* en */,
			);
			name = InfoPlist.strings;
			sourceTree = "<group>";
		};
/* End PBXVariantGroup section */

/* Begin XCBuildConfiguration section */
		6DA8FE2A14C5FA17009BD349 /* Debug */ = {
			isa = XCBuildConfiguration;
			buildSettings = {
				ALWAYS_SEARCH_USER_PATHS = NO;
				ARCHS = "$(ARCHS_STANDARD_32_BIT)";
				CLANG_ENABLE_OBJC_ARC = YES;
				"CODE_SIGN_IDENTITY[sdk=iphoneos*]" = "iPhone Developer";
				COPY_PHASE_STRIP = NO;
				GCC_C_LANGUAGE_STANDARD = gnu99;
				GCC_DYNAMIC_NO_PIC = NO;
				GCC_OPTIMIZATION_LEVEL = 0;
				GCC_PREPROCESSOR_DEFINITIONS = (
					"DEBUG=1",
					"$(inherited)",
				);
				GCC_SYMBOLS_PRIVATE_EXTERN = NO;
				GCC_VERSION = com.apple.compilers.llvm.clang.1_0;
				GCC_WARN_ABOUT_MISSING_PROTOTYPES = YES;
				GCC_WARN_ABOUT_RETURN_TYPE = YES;
				GCC_WARN_UNUSED_VARIABLE = YES;
				IPHONEOS_DEPLOYMENT_TARGET = 5.0;
				SDKROOT = iphoneos;
				TARGETED_DEVICE_FAMILY = "1,2";
			};
			name = Debug;
		};
		6DA8FE2B14C5FA17009BD349 /* Release */ = {
			isa = XCBuildConfiguration;
			buildSettings = {
				ALWAYS_SEARCH_USER_PATHS = NO;
				ARCHS = "$(ARCHS_STANDARD_32_BIT)";
				CLANG_ENABLE_OBJC_ARC = YES;
				"CODE_SIGN_IDENTITY[sdk=iphoneos*]" = "iPhone Developer";
				COPY_PHASE_STRIP = YES;
				GCC_C_LANGUAGE_STANDARD = gnu99;
				GCC_VERSION = com.apple.compilers.llvm.clang.1_0;
				GCC_WARN_ABOUT_MISSING_PROTOTYPES = YES;
				GCC_WARN_ABOUT_RETURN_TYPE = YES;
				GCC_WARN_UNUSED_VARIABLE = YES;
				IPHONEOS_DEPLOYMENT_TARGET = 5.0;
				OTHER_CFLAGS = "-DNS_BLOCK_ASSERTIONS=1";
				SDKROOT = iphoneos;
				TARGETED_DEVICE_FAMILY = "1,2";
				VALIDATE_PRODUCT = YES;
			};
			name = Release;
		};
		6DA8FE2D14C5FA17009BD349 /* Debug */ = {
			isa = XCBuildConfiguration;
			buildSettings = {
				GCC_PRECOMPILE_PREFIX_HEADER = YES;
				GCC_PREFIX_HEADER = "Game/Game-Prefix.pch";
				INFOPLIST_FILE = "Game/Game-Info.plist";
				PRODUCT_NAME = "$(TARGET_NAME)";
				WRAPPER_EXTENSION = app;
			};
			name = Debug;
		};
		6DA8FE2E14C5FA17009BD349 /* Release */ = {
			isa = XCBuildConfiguration;
			buildSettings = {
				GCC_PRECOMPILE_PREFIX_HEADER = YES;
				GCC_PREFIX_HEADER = "Game/Game-Prefix.pch";
				INFOPLIST_FILE = "Game/Game-Info.plist";
				PRODUCT_NAME = "$(TARGET_NAME)";
				WRAPPER_EXTENSION = app;
			};
			name = Release;
		};
		6DA8FE3014C5FA17009BD349 /* Debug */ = {
			isa = XCBuildConfiguration;
			buildSettings = {
				BUNDLE_LOADER = "$(BUILT_PRODUCTS_DIR)/Game.app/Game";
				FRAMEWORK_SEARCH_PATHS = (
					"$(SDKROOT)/Developer/Library/Frameworks",
					"$(DEVELOPER_LIBRARY_DIR)/Frameworks",
				);
				GCC_PRECOMPILE_PREFIX_HEADER = YES;
				GCC_PREFIX_HEADER = "Game/Game-Prefix.pch";
				INFOPLIST_FILE = "GameTests/GameTests-Info.plist";
				PRODUCT_NAME = "$(TARGET_NAME)";
				TEST_HOST = "$(BUNDLE_LOADER)";
				WRAPPER_EXTENSION = octest;
			};
			name = Debug;
		};
		6DA8FE3114C5FA17009BD349 /* Release */ = {
			isa = XCBuildConfiguration;
			buildSettings = {
				BUNDLE_LOADER = "$(BUILT_PRODUCTS_DIR)/Game.app/Game";
				FRAMEWORK_SEARCH_PATHS = (
					"$(SDKROOT)/Developer/Library/Frameworks",
					"$(DEVELOPER_LIBRARY_DIR)/Frameworks",
				);
				GCC_PRECOMPILE_PREFIX_HEADER = YES;
				GCC_PREFIX_HEADER = "Game/Game-Prefix.pch";
				INFOPLIST_FILE = "GameTests/GameTests-Info.plist";
				PRODUCT_NAME = "$(TARGET_NAME)";
				TEST_HOST = "$(BUNDLE_LOADER)";
				WRAPPER_EXTENSION = octest;
			};
			name = Release;
		};
/* End XCBuildConfiguration section */

/* Begin XCConfigurationList section */
		6DA8FDF014C5FA16009BD349 /* Build configuration list for PBXProject "Game" */ = {
			isa = XCConfigurationList;
			buildConfigurations = (
				6DA8FE2A14C5FA17009BD349 /* Debug */,
				6DA8FE2B14C5FA17009BD349 /* Release */,
			);
			defaultConfigurationIsVisible = 0;
			defaultConfigurationName = Release;
		};
		6DA8FE2C14C5FA17009BD349 /* Build configuration list for PBXNativeTarget "Game" */ = {
			isa = XCConfigurationList;
			buildConfigurations = (
				6DA8FE2D14C5FA17009BD349 /* Debug */,
				6DA8FE2E14C5FA17009BD349 /* Release */,
			);
			defaultConfigurationIsVisible = 0;
			defaultConfigurationName = Release;
		};
		6DA8FE2F14C5FA17009BD349 /* Build configuration list for PBXNativeTarget "GameTests" */ = {
			isa = XCConfigurationList;
			buildConfigurations = (
				6DA8FE3014C5FA17009BD349 /* Debug */,
				6DA8FE3114C5FA17009BD349 /* Release */,
			);
			defaultConfigurationIsVisible = 0;
			defaultConfigurationName = Release;
		};
/* End XCConfigurationList section */
	};
	rootObject = 6DA8FDED14C5FA16009BD349 /* Project object */;
}
